// !$*UTF8*$!
{
	archiveVersion = 1;
	classes = {
	};
	objectVersion = 51;
	objects = {

/* Begin PBXBuildFile section */
		04BF4EC2FA3A6DF362B5767B /* Pods_CloneDataFriendsTests.framework in Frameworks */ = {isa = PBXBuildFile; fileRef = B644B3944478E2CA74884FAE /* Pods_CloneDataFriendsTests.framework */; };
		B10D1D4DA8D89F5136526B4D /* Pods_CloneDataFriends.framework in Frameworks */ = {isa = PBXBuildFile; fileRef = 8E348EBD5764625153DDF5C5 /* Pods_CloneDataFriends.framework */; };
		DE153072AD37979EFACD2728 /* Pods_CloneDataFriends_CloneDataFriendsUITests.framework in Frameworks */ = {isa = PBXBuildFile; fileRef = 85531B4C3D4EB244711D0D4F /* Pods_CloneDataFriends_CloneDataFriendsUITests.framework */; };
		F99A3D0225C5C7B7008F0C75 /* AppDelegate.swift in Sources */ = {isa = PBXBuildFile; fileRef = F99A3D0125C5C7B7008F0C75 /* AppDelegate.swift */; };
		F99A3D0425C5C7B7008F0C75 /* SceneDelegate.swift in Sources */ = {isa = PBXBuildFile; fileRef = F99A3D0325C5C7B7008F0C75 /* SceneDelegate.swift */; };
		F99A3D0625C5C7B7008F0C75 /* ViewController.swift in Sources */ = {isa = PBXBuildFile; fileRef = F99A3D0525C5C7B7008F0C75 /* ViewController.swift */; };
		F99A3D0925C5C7B7008F0C75 /* Main.storyboard in Resources */ = {isa = PBXBuildFile; fileRef = F99A3D0725C5C7B7008F0C75 /* Main.storyboard */; };
		F99A3D0C25C5C7B7008F0C75 /* CloneDataFriends.xcdatamodeld in Sources */ = {isa = PBXBuildFile; fileRef = F99A3D0A25C5C7B7008F0C75 /* CloneDataFriends.xcdatamodeld */; };
		F99A3D0E25C5C7B8008F0C75 /* Assets.xcassets in Resources */ = {isa = PBXBuildFile; fileRef = F99A3D0D25C5C7B8008F0C75 /* Assets.xcassets */; };
		F99A3D1125C5C7B8008F0C75 /* LaunchScreen.storyboard in Resources */ = {isa = PBXBuildFile; fileRef = F99A3D0F25C5C7B8008F0C75 /* LaunchScreen.storyboard */; };
		F99A3D1C25C5C7B9008F0C75 /* CloneDataFriendsTests.swift in Sources */ = {isa = PBXBuildFile; fileRef = F99A3D1B25C5C7B9008F0C75 /* CloneDataFriendsTests.swift */; };
		F99A3D2725C5C7B9008F0C75 /* CloneDataFriendsUITests.swift in Sources */ = {isa = PBXBuildFile; fileRef = F99A3D2625C5C7B9008F0C75 /* CloneDataFriendsUITests.swift */; };
		F99A3D3925C5CAC7008F0C75 /* GitHubModel.swift in Sources */ = {isa = PBXBuildFile; fileRef = F99A3D3825C5CAC7008F0C75 /* GitHubModel.swift */; };
		F99A3D4525C5CF78008F0C75 /* GithubApi.swift in Sources */ = {isa = PBXBuildFile; fileRef = F99A3D4425C5CF78008F0C75 /* GithubApi.swift */; };
		F99A3D6125C66604008F0C75 /* GitHubRequest.swift in Sources */ = {isa = PBXBuildFile; fileRef = F99A3D6025C66604008F0C75 /* GitHubRequest.swift */; };
/* End PBXBuildFile section */

/* Begin PBXContainerItemProxy section */
		F99A3D1825C5C7B9008F0C75 /* PBXContainerItemProxy */ = {
			isa = PBXContainerItemProxy;
			containerPortal = F99A3CF625C5C7B7008F0C75 /* Project object */;
			proxyType = 1;
			remoteGlobalIDString = F99A3CFD25C5C7B7008F0C75;
			remoteInfo = CloneDataFriends;
		};
		F99A3D2325C5C7B9008F0C75 /* PBXContainerItemProxy */ = {
			isa = PBXContainerItemProxy;
			containerPortal = F99A3CF625C5C7B7008F0C75 /* Project object */;
			proxyType = 1;
			remoteGlobalIDString = F99A3CFD25C5C7B7008F0C75;
			remoteInfo = CloneDataFriends;
		};
/* End PBXContainerItemProxy section */

/* Begin PBXFileReference section */
		01266F180D0606EBCBA44C53 /* Pods-CloneDataFriendsTests.release.xcconfig */ = {isa = PBXFileReference; includeInIndex = 1; lastKnownFileType = text.xcconfig; name = "Pods-CloneDataFriendsTests.release.xcconfig"; path = "Target Support Files/Pods-CloneDataFriendsTests/Pods-CloneDataFriendsTests.release.xcconfig"; sourceTree = "<group>"; };
		12597DCD5A98C4DAD4044F17 /* Pods-CloneDataFriends-CloneDataFriendsUITests.release.xcconfig */ = {isa = PBXFileReference; includeInIndex = 1; lastKnownFileType = text.xcconfig; name = "Pods-CloneDataFriends-CloneDataFriendsUITests.release.xcconfig"; path = "Target Support Files/Pods-CloneDataFriends-CloneDataFriendsUITests/Pods-CloneDataFriends-CloneDataFriendsUITests.release.xcconfig"; sourceTree = "<group>"; };
		16926D9908301914FFF32C10 /* Pods-CloneDataFriends.release.xcconfig */ = {isa = PBXFileReference; includeInIndex = 1; lastKnownFileType = text.xcconfig; name = "Pods-CloneDataFriends.release.xcconfig"; path = "Target Support Files/Pods-CloneDataFriends/Pods-CloneDataFriends.release.xcconfig"; sourceTree = "<group>"; };
		73DF577CD36EE475F233AD80 /* Pods-CloneDataFriends.debug.xcconfig */ = {isa = PBXFileReference; includeInIndex = 1; lastKnownFileType = text.xcconfig; name = "Pods-CloneDataFriends.debug.xcconfig"; path = "Target Support Files/Pods-CloneDataFriends/Pods-CloneDataFriends.debug.xcconfig"; sourceTree = "<group>"; };
		85531B4C3D4EB244711D0D4F /* Pods_CloneDataFriends_CloneDataFriendsUITests.framework */ = {isa = PBXFileReference; explicitFileType = wrapper.framework; includeInIndex = 0; path = Pods_CloneDataFriends_CloneDataFriendsUITests.framework; sourceTree = BUILT_PRODUCTS_DIR; };
		882DE361D415D7C40D487423 /* Pods-CloneDataFriendsTests.debug.xcconfig */ = {isa = PBXFileReference; includeInIndex = 1; lastKnownFileType = text.xcconfig; name = "Pods-CloneDataFriendsTests.debug.xcconfig"; path = "Target Support Files/Pods-CloneDataFriendsTests/Pods-CloneDataFriendsTests.debug.xcconfig"; sourceTree = "<group>"; };
		8E348EBD5764625153DDF5C5 /* Pods_CloneDataFriends.framework */ = {isa = PBXFileReference; explicitFileType = wrapper.framework; includeInIndex = 0; path = Pods_CloneDataFriends.framework; sourceTree = BUILT_PRODUCTS_DIR; };
		B644B3944478E2CA74884FAE /* Pods_CloneDataFriendsTests.framework */ = {isa = PBXFileReference; explicitFileType = wrapper.framework; includeInIndex = 0; path = Pods_CloneDataFriendsTests.framework; sourceTree = BUILT_PRODUCTS_DIR; };
		F392DB9D239DBDA19974506F /* Pods-CloneDataFriends-CloneDataFriendsUITests.debug.xcconfig */ = {isa = PBXFileReference; includeInIndex = 1; lastKnownFileType = text.xcconfig; name = "Pods-CloneDataFriends-CloneDataFriendsUITests.debug.xcconfig"; path = "Target Support Files/Pods-CloneDataFriends-CloneDataFriendsUITests/Pods-CloneDataFriends-CloneDataFriendsUITests.debug.xcconfig"; sourceTree = "<group>"; };
		F99A3CFE25C5C7B7008F0C75 /* CloneDataFriends.app */ = {isa = PBXFileReference; explicitFileType = wrapper.application; includeInIndex = 0; path = CloneDataFriends.app; sourceTree = BUILT_PRODUCTS_DIR; };
		F99A3D0125C5C7B7008F0C75 /* AppDelegate.swift */ = {isa = PBXFileReference; lastKnownFileType = sourcecode.swift; path = AppDelegate.swift; sourceTree = "<group>"; };
		F99A3D0325C5C7B7008F0C75 /* SceneDelegate.swift */ = {isa = PBXFileReference; lastKnownFileType = sourcecode.swift; path = SceneDelegate.swift; sourceTree = "<group>"; };
		F99A3D0525C5C7B7008F0C75 /* ViewController.swift */ = {isa = PBXFileReference; lastKnownFileType = sourcecode.swift; path = ViewController.swift; sourceTree = "<group>"; };
		F99A3D0825C5C7B7008F0C75 /* Base */ = {isa = PBXFileReference; lastKnownFileType = file.storyboard; name = Base; path = Base.lproj/Main.storyboard; sourceTree = "<group>"; };
		F99A3D0B25C5C7B7008F0C75 /* CloneDataFriends.xcdatamodel */ = {isa = PBXFileReference; lastKnownFileType = wrapper.xcdatamodel; path = CloneDataFriends.xcdatamodel; sourceTree = "<group>"; };
		F99A3D0D25C5C7B8008F0C75 /* Assets.xcassets */ = {isa = PBXFileReference; lastKnownFileType = folder.assetcatalog; path = Assets.xcassets; sourceTree = "<group>"; };
		F99A3D1025C5C7B8008F0C75 /* Base */ = {isa = PBXFileReference; lastKnownFileType = file.storyboard; name = Base; path = Base.lproj/LaunchScreen.storyboard; sourceTree = "<group>"; };
		F99A3D1225C5C7B8008F0C75 /* Info.plist */ = {isa = PBXFileReference; lastKnownFileType = text.plist.xml; path = Info.plist; sourceTree = "<group>"; };
		F99A3D1725C5C7B9008F0C75 /* CloneDataFriendsTests.xctest */ = {isa = PBXFileReference; explicitFileType = wrapper.cfbundle; includeInIndex = 0; path = CloneDataFriendsTests.xctest; sourceTree = BUILT_PRODUCTS_DIR; };
		F99A3D1B25C5C7B9008F0C75 /* CloneDataFriendsTests.swift */ = {isa = PBXFileReference; lastKnownFileType = sourcecode.swift; path = CloneDataFriendsTests.swift; sourceTree = "<group>"; };
		F99A3D1D25C5C7B9008F0C75 /* Info.plist */ = {isa = PBXFileReference; lastKnownFileType = text.plist.xml; path = Info.plist; sourceTree = "<group>"; };
		F99A3D2225C5C7B9008F0C75 /* CloneDataFriendsUITests.xctest */ = {isa = PBXFileReference; explicitFileType = wrapper.cfbundle; includeInIndex = 0; path = CloneDataFriendsUITests.xctest; sourceTree = BUILT_PRODUCTS_DIR; };
		F99A3D2625C5C7B9008F0C75 /* CloneDataFriendsUITests.swift */ = {isa = PBXFileReference; lastKnownFileType = sourcecode.swift; path = CloneDataFriendsUITests.swift; sourceTree = "<group>"; };
		F99A3D2825C5C7B9008F0C75 /* Info.plist */ = {isa = PBXFileReference; lastKnownFileType = text.plist.xml; path = Info.plist; sourceTree = "<group>"; };
		F99A3D3825C5CAC7008F0C75 /* GitHubModel.swift */ = {isa = PBXFileReference; lastKnownFileType = sourcecode.swift; path = GitHubModel.swift; sourceTree = "<group>"; };
		F99A3D4425C5CF78008F0C75 /* GithubApi.swift */ = {isa = PBXFileReference; lastKnownFileType = sourcecode.swift; path = GithubApi.swift; sourceTree = "<group>"; };
		F99A3D6025C66604008F0C75 /* GitHubRequest.swift */ = {isa = PBXFileReference; lastKnownFileType = sourcecode.swift; path = GitHubRequest.swift; sourceTree = "<group>"; };
/* End PBXFileReference section */

/* Begin PBXFrameworksBuildPhase section */
		F99A3CFB25C5C7B7008F0C75 /* Frameworks */ = {
			isa = PBXFrameworksBuildPhase;
			buildActionMask = 2147483647;
			files = (
				B10D1D4DA8D89F5136526B4D /* Pods_CloneDataFriends.framework in Frameworks */,
			);
			runOnlyForDeploymentPostprocessing = 0;
		};
		F99A3D1425C5C7B9008F0C75 /* Frameworks */ = {
			isa = PBXFrameworksBuildPhase;
			buildActionMask = 2147483647;
			files = (
				04BF4EC2FA3A6DF362B5767B /* Pods_CloneDataFriendsTests.framework in Frameworks */,
			);
			runOnlyForDeploymentPostprocessing = 0;
		};
		F99A3D1F25C5C7B9008F0C75 /* Frameworks */ = {
			isa = PBXFrameworksBuildPhase;
			buildActionMask = 2147483647;
			files = (
				DE153072AD37979EFACD2728 /* Pods_CloneDataFriends_CloneDataFriendsUITests.framework in Frameworks */,
			);
			runOnlyForDeploymentPostprocessing = 0;
		};
/* End PBXFrameworksBuildPhase section */

/* Begin PBXGroup section */
		840E90EE9BBDDB313CA5433B /* Pods */ = {
			isa = PBXGroup;
			children = (
				73DF577CD36EE475F233AD80 /* Pods-CloneDataFriends.debug.xcconfig */,
				16926D9908301914FFF32C10 /* Pods-CloneDataFriends.release.xcconfig */,
				F392DB9D239DBDA19974506F /* Pods-CloneDataFriends-CloneDataFriendsUITests.debug.xcconfig */,
				12597DCD5A98C4DAD4044F17 /* Pods-CloneDataFriends-CloneDataFriendsUITests.release.xcconfig */,
				882DE361D415D7C40D487423 /* Pods-CloneDataFriendsTests.debug.xcconfig */,
				01266F180D0606EBCBA44C53 /* Pods-CloneDataFriendsTests.release.xcconfig */,
			);
			path = Pods;
			sourceTree = "<group>";
		};
		9F529540B98B1A66112EB141 /* Frameworks */ = {
			isa = PBXGroup;
			children = (
				8E348EBD5764625153DDF5C5 /* Pods_CloneDataFriends.framework */,
				85531B4C3D4EB244711D0D4F /* Pods_CloneDataFriends_CloneDataFriendsUITests.framework */,
				B644B3944478E2CA74884FAE /* Pods_CloneDataFriendsTests.framework */,
			);
			name = Frameworks;
			sourceTree = "<group>";
		};
		F99A3CF525C5C7B7008F0C75 = {
			isa = PBXGroup;
			children = (
				F99A3D0025C5C7B7008F0C75 /* CloneDataFriends */,
				F99A3D1A25C5C7B9008F0C75 /* CloneDataFriendsTests */,
				F99A3D2525C5C7B9008F0C75 /* CloneDataFriendsUITests */,
				F99A3CFF25C5C7B7008F0C75 /* Products */,
				840E90EE9BBDDB313CA5433B /* Pods */,
				9F529540B98B1A66112EB141 /* Frameworks */,
			);
			sourceTree = "<group>";
		};
		F99A3CFF25C5C7B7008F0C75 /* Products */ = {
			isa = PBXGroup;
			children = (
				F99A3CFE25C5C7B7008F0C75 /* CloneDataFriends.app */,
				F99A3D1725C5C7B9008F0C75 /* CloneDataFriendsTests.xctest */,
				F99A3D2225C5C7B9008F0C75 /* CloneDataFriendsUITests.xctest */,
			);
			name = Products;
			sourceTree = "<group>";
		};
		F99A3D0025C5C7B7008F0C75 /* CloneDataFriends */ = {
			isa = PBXGroup;
			children = (
				F99A3D4325C5CF43008F0C75 /* Api */,
				F99A3D3725C5CAA2008F0C75 /* Model */,
				F99A3D0125C5C7B7008F0C75 /* AppDelegate.swift */,
				F99A3D0325C5C7B7008F0C75 /* SceneDelegate.swift */,
				F99A3D0525C5C7B7008F0C75 /* ViewController.swift */,
				F99A3D0725C5C7B7008F0C75 /* Main.storyboard */,
				F99A3D0D25C5C7B8008F0C75 /* Assets.xcassets */,
				F99A3D0F25C5C7B8008F0C75 /* LaunchScreen.storyboard */,
				F99A3D1225C5C7B8008F0C75 /* Info.plist */,
				F99A3D0A25C5C7B7008F0C75 /* CloneDataFriends.xcdatamodeld */,
			);
			path = CloneDataFriends;
			sourceTree = "<group>";
		};
		F99A3D1A25C5C7B9008F0C75 /* CloneDataFriendsTests */ = {
			isa = PBXGroup;
			children = (
				F99A3D1B25C5C7B9008F0C75 /* CloneDataFriendsTests.swift */,
				F99A3D1D25C5C7B9008F0C75 /* Info.plist */,
			);
			path = CloneDataFriendsTests;
			sourceTree = "<group>";
		};
		F99A3D2525C5C7B9008F0C75 /* CloneDataFriendsUITests */ = {
			isa = PBXGroup;
			children = (
				F99A3D2625C5C7B9008F0C75 /* CloneDataFriendsUITests.swift */,
				F99A3D2825C5C7B9008F0C75 /* Info.plist */,
			);
			path = CloneDataFriendsUITests;
			sourceTree = "<group>";
		};
		F99A3D3725C5CAA2008F0C75 /* Model */ = {
			isa = PBXGroup;
			children = (
				F99A3D3825C5CAC7008F0C75 /* GitHubModel.swift */,
			);
			path = Model;
			sourceTree = "<group>";
		};
		F99A3D4325C5CF43008F0C75 /* Api */ = {
			isa = PBXGroup;
			children = (
				F99A3D4425C5CF78008F0C75 /* GithubApi.swift */,
				F99A3D6025C66604008F0C75 /* GitHubRequest.swift */,
			);
			path = Api;
			sourceTree = "<group>";
		};
/* End PBXGroup section */

/* Begin PBXNativeTarget section */
		F99A3CFD25C5C7B7008F0C75 /* CloneDataFriends */ = {
			isa = PBXNativeTarget;
			buildConfigurationList = F99A3D2B25C5C7B9008F0C75 /* Build configuration list for PBXNativeTarget "CloneDataFriends" */;
			buildPhases = (
				1C5545519E7FCA2AAA15D7E8 /* [CP] Check Pods Manifest.lock */,
				F99A3CFA25C5C7B7008F0C75 /* Sources */,
				F99A3CFB25C5C7B7008F0C75 /* Frameworks */,
				F99A3CFC25C5C7B7008F0C75 /* Resources */,
				9D15F4F262094CD7BB4229C2 /* [CP] Embed Pods Frameworks */,
			);
			buildRules = (
			);
			dependencies = (
			);
			name = CloneDataFriends;
			productName = CloneDataFriends;
			productReference = F99A3CFE25C5C7B7008F0C75 /* CloneDataFriends.app */;
			productType = "com.apple.product-type.application";
		};
		F99A3D1625C5C7B9008F0C75 /* CloneDataFriendsTests */ = {
			isa = PBXNativeTarget;
			buildConfigurationList = F99A3D2E25C5C7B9008F0C75 /* Build configuration list for PBXNativeTarget "CloneDataFriendsTests" */;
			buildPhases = (
				BB2B52F1A68A400A6707EE2D /* [CP] Check Pods Manifest.lock */,
				F99A3D1325C5C7B9008F0C75 /* Sources */,
				F99A3D1425C5C7B9008F0C75 /* Frameworks */,
				F99A3D1525C5C7B9008F0C75 /* Resources */,
				AD2AB395DDE820996A6A9DED /* [CP] Embed Pods Frameworks */,
			);
			buildRules = (
			);
			dependencies = (
				F99A3D1925C5C7B9008F0C75 /* PBXTargetDependency */,
			);
			name = CloneDataFriendsTests;
			productName = CloneDataFriendsTests;
			productReference = F99A3D1725C5C7B9008F0C75 /* CloneDataFriendsTests.xctest */;
			productType = "com.apple.product-type.bundle.unit-test";
		};
		F99A3D2125C5C7B9008F0C75 /* CloneDataFriendsUITests */ = {
			isa = PBXNativeTarget;
			buildConfigurationList = F99A3D3125C5C7B9008F0C75 /* Build configuration list for PBXNativeTarget "CloneDataFriendsUITests" */;
			buildPhases = (
				CB3245907DEDE687CB6AE884 /* [CP] Check Pods Manifest.lock */,
				F99A3D1E25C5C7B9008F0C75 /* Sources */,
				F99A3D1F25C5C7B9008F0C75 /* Frameworks */,
				F99A3D2025C5C7B9008F0C75 /* Resources */,
				02EEC506686B03E90AFF2FED /* [CP] Embed Pods Frameworks */,
			);
			buildRules = (
			);
			dependencies = (
				F99A3D2425C5C7B9008F0C75 /* PBXTargetDependency */,
			);
			name = CloneDataFriendsUITests;
			productName = CloneDataFriendsUITests;
			productReference = F99A3D2225C5C7B9008F0C75 /* CloneDataFriendsUITests.xctest */;
			productType = "com.apple.product-type.bundle.ui-testing";
		};
/* End PBXNativeTarget section */

/* Begin PBXProject section */
		F99A3CF625C5C7B7008F0C75 /* Project object */ = {
			isa = PBXProject;
			attributes = {
				LastSwiftUpdateCheck = 1230;
				LastUpgradeCheck = 1230;
				TargetAttributes = {
					F99A3CFD25C5C7B7008F0C75 = {
						CreatedOnToolsVersion = 12.3;
					};
					F99A3D1625C5C7B9008F0C75 = {
						CreatedOnToolsVersion = 12.3;
						TestTargetID = F99A3CFD25C5C7B7008F0C75;
					};
					F99A3D2125C5C7B9008F0C75 = {
						CreatedOnToolsVersion = 12.3;
						TestTargetID = F99A3CFD25C5C7B7008F0C75;
					};
				};
			};
			buildConfigurationList = F99A3CF925C5C7B7008F0C75 /* Build configuration list for PBXProject "CloneDataFriends" */;
			compatibilityVersion = "Xcode 9.3";
			developmentRegion = en;
			hasScannedForEncodings = 0;
			knownRegions = (
				en,
				Base,
			);
			mainGroup = F99A3CF525C5C7B7008F0C75;
			productRefGroup = F99A3CFF25C5C7B7008F0C75 /* Products */;
			projectDirPath = "";
			projectRoot = "";
			targets = (
				F99A3CFD25C5C7B7008F0C75 /* CloneDataFriends */,
				F99A3D1625C5C7B9008F0C75 /* CloneDataFriendsTests */,
				F99A3D2125C5C7B9008F0C75 /* CloneDataFriendsUITests */,
			);
		};
/* End PBXProject section */

/* Begin PBXResourcesBuildPhase section */
		F99A3CFC25C5C7B7008F0C75 /* Resources */ = {
			isa = PBXResourcesBuildPhase;
			buildActionMask = 2147483647;
			files = (
				F99A3D1125C5C7B8008F0C75 /* LaunchScreen.storyboard in Resources */,
				F99A3D0E25C5C7B8008F0C75 /* Assets.xcassets in Resources */,
				F99A3D0925C5C7B7008F0C75 /* Main.storyboard in Resources */,
			);
			runOnlyForDeploymentPostprocessing = 0;
		};
		F99A3D1525C5C7B9008F0C75 /* Resources */ = {
			isa = PBXResourcesBuildPhase;
			buildActionMask = 2147483647;
			files = (
			);
			runOnlyForDeploymentPostprocessing = 0;
		};
		F99A3D2025C5C7B9008F0C75 /* Resources */ = {
			isa = PBXResourcesBuildPhase;
			buildActionMask = 2147483647;
			files = (
			);
			runOnlyForDeploymentPostprocessing = 0;
		};
/* End PBXResourcesBuildPhase section */

/* Begin PBXShellScriptBuildPhase section */
		02EEC506686B03E90AFF2FED /* [CP] Embed Pods Frameworks */ = {
			isa = PBXShellScriptBuildPhase;
			buildActionMask = 2147483647;
			files = (
			);
			inputFileListPaths = (
				"${PODS_ROOT}/Target Support Files/Pods-CloneDataFriends-CloneDataFriendsUITests/Pods-CloneDataFriends-CloneDataFriendsUITests-frameworks-${CONFIGURATION}-input-files.xcfilelist",
			);
			name = "[CP] Embed Pods Frameworks";
			outputFileListPaths = (
				"${PODS_ROOT}/Target Support Files/Pods-CloneDataFriends-CloneDataFriendsUITests/Pods-CloneDataFriends-CloneDataFriendsUITests-frameworks-${CONFIGURATION}-output-files.xcfilelist",
			);
			runOnlyForDeploymentPostprocessing = 0;
			shellPath = /bin/sh;
			shellScript = "\"${PODS_ROOT}/Target Support Files/Pods-CloneDataFriends-CloneDataFriendsUITests/Pods-CloneDataFriends-CloneDataFriendsUITests-frameworks.sh\"\n";
			showEnvVarsInLog = 0;
		};
		1C5545519E7FCA2AAA15D7E8 /* [CP] Check Pods Manifest.lock */ = {
			isa = PBXShellScriptBuildPhase;
			buildActionMask = 2147483647;
			files = (
			);
			inputFileListPaths = (
			);
			inputPaths = (
				"${PODS_PODFILE_DIR_PATH}/Podfile.lock",
				"${PODS_ROOT}/Manifest.lock",
			);
			name = "[CP] Check Pods Manifest.lock";
			outputFileListPaths = (
			);
			outputPaths = (
				"$(DERIVED_FILE_DIR)/Pods-CloneDataFriends-checkManifestLockResult.txt",
			);
			runOnlyForDeploymentPostprocessing = 0;
			shellPath = /bin/sh;
			shellScript = "diff \"${PODS_PODFILE_DIR_PATH}/Podfile.lock\" \"${PODS_ROOT}/Manifest.lock\" > /dev/null\nif [ $? != 0 ] ; then\n    # print error to STDERR\n    echo \"error: The sandbox is not in sync with the Podfile.lock. Run 'pod install' or update your CocoaPods installation.\" >&2\n    exit 1\nfi\n# This output is used by Xcode 'outputs' to avoid re-running this script phase.\necho \"SUCCESS\" > \"${SCRIPT_OUTPUT_FILE_0}\"\n";
			showEnvVarsInLog = 0;
		};
		9D15F4F262094CD7BB4229C2 /* [CP] Embed Pods Frameworks */ = {
			isa = PBXShellScriptBuildPhase;
			buildActionMask = 2147483647;
			files = (
			);
			inputFileListPaths = (
				"${PODS_ROOT}/Target Support Files/Pods-CloneDataFriends/Pods-CloneDataFriends-frameworks-${CONFIGURATION}-input-files.xcfilelist",
			);
			name = "[CP] Embed Pods Frameworks";
			outputFileListPaths = (
				"${PODS_ROOT}/Target Support Files/Pods-CloneDataFriends/Pods-CloneDataFriends-frameworks-${CONFIGURATION}-output-files.xcfilelist",
			);
			runOnlyForDeploymentPostprocessing = 0;
			shellPath = /bin/sh;
			shellScript = "\"${PODS_ROOT}/Target Support Files/Pods-CloneDataFriends/Pods-CloneDataFriends-frameworks.sh\"\n";
			showEnvVarsInLog = 0;
		};
		AD2AB395DDE820996A6A9DED /* [CP] Embed Pods Frameworks */ = {
			isa = PBXShellScriptBuildPhase;
			buildActionMask = 2147483647;
			files = (
			);
			inputFileListPaths = (
				"${PODS_ROOT}/Target Support Files/Pods-CloneDataFriendsTests/Pods-CloneDataFriendsTests-frameworks-${CONFIGURATION}-input-files.xcfilelist",
			);
			name = "[CP] Embed Pods Frameworks";
			outputFileListPaths = (
				"${PODS_ROOT}/Target Support Files/Pods-CloneDataFriendsTests/Pods-CloneDataFriendsTests-frameworks-${CONFIGURATION}-output-files.xcfilelist",
			);
			runOnlyForDeploymentPostprocessing = 0;
			shellPath = /bin/sh;
			shellScript = "\"${PODS_ROOT}/Target Support Files/Pods-CloneDataFriendsTests/Pods-CloneDataFriendsTests-frameworks.sh\"\n";
			showEnvVarsInLog = 0;
		};
		BB2B52F1A68A400A6707EE2D /* [CP] Check Pods Manifest.lock */ = {
			isa = PBXShellScriptBuildPhase;
			buildActionMask = 2147483647;
			files = (
			);
			inputFileListPaths = (
			);
			inputPaths = (
				"${PODS_PODFILE_DIR_PATH}/Podfile.lock",
				"${PODS_ROOT}/Manifest.lock",
			);
			name = "[CP] Check Pods Manifest.lock";
			outputFileListPaths = (
			);
			outputPaths = (
				"$(DERIVED_FILE_DIR)/Pods-CloneDataFriendsTests-checkManifestLockResult.txt",
			);
			runOnlyForDeploymentPostprocessing = 0;
			shellPath = /bin/sh;
			shellScript = "diff \"${PODS_PODFILE_DIR_PATH}/Podfile.lock\" \"${PODS_ROOT}/Manifest.lock\" > /dev/null\nif [ $? != 0 ] ; then\n    # print error to STDERR\n    echo \"error: The sandbox is not in sync with the Podfile.lock. Run 'pod install' or update your CocoaPods installation.\" >&2\n    exit 1\nfi\n# This output is used by Xcode 'outputs' to avoid re-running this script phase.\necho \"SUCCESS\" > \"${SCRIPT_OUTPUT_FILE_0}\"\n";
			showEnvVarsInLog = 0;
		};
		CB3245907DEDE687CB6AE884 /* [CP] Check Pods Manifest.lock */ = {
			isa = PBXShellScriptBuildPhase;
			buildActionMask = 2147483647;
			files = (
			);
			inputFileListPaths = (
			);
			inputPaths = (
				"${PODS_PODFILE_DIR_PATH}/Podfile.lock",
				"${PODS_ROOT}/Manifest.lock",
			);
			name = "[CP] Check Pods Manifest.lock";
			outputFileListPaths = (
			);
			outputPaths = (
				"$(DERIVED_FILE_DIR)/Pods-CloneDataFriends-CloneDataFriendsUITests-checkManifestLockResult.txt",
			);
			runOnlyForDeploymentPostprocessing = 0;
			shellPath = /bin/sh;
			shellScript = "diff \"${PODS_PODFILE_DIR_PATH}/Podfile.lock\" \"${PODS_ROOT}/Manifest.lock\" > /dev/null\nif [ $? != 0 ] ; then\n    # print error to STDERR\n    echo \"error: The sandbox is not in sync with the Podfile.lock. Run 'pod install' or update your CocoaPods installation.\" >&2\n    exit 1\nfi\n# This output is used by Xcode 'outputs' to avoid re-running this script phase.\necho \"SUCCESS\" > \"${SCRIPT_OUTPUT_FILE_0}\"\n";
			showEnvVarsInLog = 0;
		};
/* End PBXShellScriptBuildPhase section */

/* Begin PBXSourcesBuildPhase section */
		F99A3CFA25C5C7B7008F0C75 /* Sources */ = {
			isa = PBXSourcesBuildPhase;
			buildActionMask = 2147483647;
			files = (
				F99A3D0625C5C7B7008F0C75 /* ViewController.swift in Sources */,
				F99A3D3925C5CAC7008F0C75 /* GitHubModel.swift in Sources */,
				F99A3D0225C5C7B7008F0C75 /* AppDelegate.swift in Sources */,
				F99A3D4525C5CF78008F0C75 /* GithubApi.swift in Sources */,
				F99A3D6125C66604008F0C75 /* GitHubRequest.swift in Sources */,
				F99A3D0425C5C7B7008F0C75 /* SceneDelegate.swift in Sources */,
				F99A3D0C25C5C7B7008F0C75 /* CloneDataFriends.xcdatamodeld in Sources */,
			);
			runOnlyForDeploymentPostprocessing = 0;
		};
		F99A3D1325C5C7B9008F0C75 /* Sources */ = {
			isa = PBXSourcesBuildPhase;
			buildActionMask = 2147483647;
			files = (
				F99A3D1C25C5C7B9008F0C75 /* CloneDataFriendsTests.swift in Sources */,
			);
			runOnlyForDeploymentPostprocessing = 0;
		};
		F99A3D1E25C5C7B9008F0C75 /* Sources */ = {
			isa = PBXSourcesBuildPhase;
			buildActionMask = 2147483647;
			files = (
				F99A3D2725C5C7B9008F0C75 /* CloneDataFriendsUITests.swift in Sources */,
			);
			runOnlyForDeploymentPostprocessing = 0;
		};
/* End PBXSourcesBuildPhase section */

/* Begin PBXTargetDependency section */
		F99A3D1925C5C7B9008F0C75 /* PBXTargetDependency */ = {
			isa = PBXTargetDependency;
			target = F99A3CFD25C5C7B7008F0C75 /* CloneDataFriends */;
			targetProxy = F99A3D1825C5C7B9008F0C75 /* PBXContainerItemProxy */;
		};
		F99A3D2425C5C7B9008F0C75 /* PBXTargetDependency */ = {
			isa = PBXTargetDependency;
			target = F99A3CFD25C5C7B7008F0C75 /* CloneDataFriends */;
			targetProxy = F99A3D2325C5C7B9008F0C75 /* PBXContainerItemProxy */;
		};
/* End PBXTargetDependency section */

/* Begin PBXVariantGroup section */
		F99A3D0725C5C7B7008F0C75 /* Main.storyboard */ = {
			isa = PBXVariantGroup;
			children = (
				F99A3D0825C5C7B7008F0C75 /* Base */,
			);
			name = Main.storyboard;
			sourceTree = "<group>";
		};
		F99A3D0F25C5C7B8008F0C75 /* LaunchScreen.storyboard */ = {
			isa = PBXVariantGroup;
			children = (
				F99A3D1025C5C7B8008F0C75 /* Base */,
			);
			name = LaunchScreen.storyboard;
			sourceTree = "<group>";
		};
/* End PBXVariantGroup section */

/* Begin XCBuildConfiguration section */
		F99A3D2925C5C7B9008F0C75 /* Debug */ = {
			isa = XCBuildConfiguration;
			buildSettings = {
				ALWAYS_SEARCH_USER_PATHS = NO;
				CLANG_ANALYZER_NONNULL = YES;
				CLANG_ANALYZER_NUMBER_OBJECT_CONVERSION = YES_AGGRESSIVE;
				CLANG_CXX_LANGUAGE_STANDARD = "gnu++14";
				CLANG_CXX_LIBRARY = "libc++";
				CLANG_ENABLE_MODULES = YES;
				CLANG_ENABLE_OBJC_ARC = YES;
				CLANG_ENABLE_OBJC_WEAK = YES;
				CLANG_WARN_BLOCK_CAPTURE_AUTORELEASING = YES;
				CLANG_WARN_BOOL_CONVERSION = YES;
				CLANG_WARN_COMMA = YES;
				CLANG_WARN_CONSTANT_CONVERSION = YES;
				CLANG_WARN_DEPRECATED_OBJC_IMPLEMENTATIONS = YES;
				CLANG_WARN_DIRECT_OBJC_ISA_USAGE = YES_ERROR;
				CLANG_WARN_DOCUMENTATION_COMMENTS = YES;
				CLANG_WARN_EMPTY_BODY = YES;
				CLANG_WARN_ENUM_CONVERSION = YES;
				CLANG_WARN_INFINITE_RECURSION = YES;
				CLANG_WARN_INT_CONVERSION = YES;
				CLANG_WARN_NON_LITERAL_NULL_CONVERSION = YES;
				CLANG_WARN_OBJC_IMPLICIT_RETAIN_SELF = YES;
				CLANG_WARN_OBJC_LITERAL_CONVERSION = YES;
				CLANG_WARN_OBJC_ROOT_CLASS = YES_ERROR;
				CLANG_WARN_QUOTED_INCLUDE_IN_FRAMEWORK_HEADER = YES;
				CLANG_WARN_RANGE_LOOP_ANALYSIS = YES;
				CLANG_WARN_STRICT_PROTOTYPES = YES;
				CLANG_WARN_SUSPICIOUS_MOVE = YES;
				CLANG_WARN_UNGUARDED_AVAILABILITY = YES_AGGRESSIVE;
				CLANG_WARN_UNREACHABLE_CODE = YES;
				CLANG_WARN__DUPLICATE_METHOD_MATCH = YES;
				COPY_PHASE_STRIP = NO;
				DEBUG_INFORMATION_FORMAT = dwarf;
				ENABLE_STRICT_OBJC_MSGSEND = YES;
				ENABLE_TESTABILITY = YES;
				GCC_C_LANGUAGE_STANDARD = gnu11;
				GCC_DYNAMIC_NO_PIC = NO;
				GCC_NO_COMMON_BLOCKS = YES;
				GCC_OPTIMIZATION_LEVEL = 0;
				GCC_PREPROCESSOR_DEFINITIONS = (
					"DEBUG=1",
					"$(inherited)",
				);
				GCC_WARN_64_TO_32_BIT_CONVERSION = YES;
				GCC_WARN_ABOUT_RETURN_TYPE = YES_ERROR;
				GCC_WARN_UNDECLARED_SELECTOR = YES;
				GCC_WARN_UNINITIALIZED_AUTOS = YES_AGGRESSIVE;
				GCC_WARN_UNUSED_FUNCTION = YES;
				GCC_WARN_UNUSED_VARIABLE = YES;
				IPHONEOS_DEPLOYMENT_TARGET = 14.3;
				MTL_ENABLE_DEBUG_INFO = INCLUDE_SOURCE;
				MTL_FAST_MATH = YES;
				ONLY_ACTIVE_ARCH = YES;
				SDKROOT = iphoneos;
				SWIFT_ACTIVE_COMPILATION_CONDITIONS = DEBUG;
				SWIFT_OPTIMIZATION_LEVEL = "-Onone";
			};
			name = Debug;
		};
		F99A3D2A25C5C7B9008F0C75 /* Release */ = {
			isa = XCBuildConfiguration;
			buildSettings = {
				ALWAYS_SEARCH_USER_PATHS = NO;
				CLANG_ANALYZER_NONNULL = YES;
				CLANG_ANALYZER_NUMBER_OBJECT_CONVERSION = YES_AGGRESSIVE;
				CLANG_CXX_LANGUAGE_STANDARD = "gnu++14";
				CLANG_CXX_LIBRARY = "libc++";
				CLANG_ENABLE_MODULES = YES;
				CLANG_ENABLE_OBJC_ARC = YES;
				CLANG_ENABLE_OBJC_WEAK = YES;
				CLANG_WARN_BLOCK_CAPTURE_AUTORELEASING = YES;
				CLANG_WARN_BOOL_CONVERSION = YES;
				CLANG_WARN_COMMA = YES;
				CLANG_WARN_CONSTANT_CONVERSION = YES;
				CLANG_WARN_DEPRECATED_OBJC_IMPLEMENTATIONS = YES;
				CLANG_WARN_DIRECT_OBJC_ISA_USAGE = YES_ERROR;
				CLANG_WARN_DOCUMENTATION_COMMENTS = YES;
				CLANG_WARN_EMPTY_BODY = YES;
				CLANG_WARN_ENUM_CONVERSION = YES;
				CLANG_WARN_INFINITE_RECURSION = YES;
				CLANG_WARN_INT_CONVERSION = YES;
				CLANG_WARN_NON_LITERAL_NULL_CONVERSION = YES;
				CLANG_WARN_OBJC_IMPLICIT_RETAIN_SELF = YES;
				CLANG_WARN_OBJC_LITERAL_CONVERSION = YES;
				CLANG_WARN_OBJC_ROOT_CLASS = YES_ERROR;
				CLANG_WARN_QUOTED_INCLUDE_IN_FRAMEWORK_HEADER = YES;
				CLANG_WARN_RANGE_LOOP_ANALYSIS = YES;
				CLANG_WARN_STRICT_PROTOTYPES = YES;
				CLANG_WARN_SUSPICIOUS_MOVE = YES;
				CLANG_WARN_UNGUARDED_AVAILABILITY = YES_AGGRESSIVE;
				CLANG_WARN_UNREACHABLE_CODE = YES;
				CLANG_WARN__DUPLICATE_METHOD_MATCH = YES;
				COPY_PHASE_STRIP = NO;
				DEBUG_INFORMATION_FORMAT = "dwarf-with-dsym";
				ENABLE_NS_ASSERTIONS = NO;
				ENABLE_STRICT_OBJC_MSGSEND = YES;
				GCC_C_LANGUAGE_STANDARD = gnu11;
				GCC_NO_COMMON_BLOCKS = YES;
				GCC_WARN_64_TO_32_BIT_CONVERSION = YES;
				GCC_WARN_ABOUT_RETURN_TYPE = YES_ERROR;
				GCC_WARN_UNDECLARED_SELECTOR = YES;
				GCC_WARN_UNINITIALIZED_AUTOS = YES_AGGRESSIVE;
				GCC_WARN_UNUSED_FUNCTION = YES;
				GCC_WARN_UNUSED_VARIABLE = YES;
				IPHONEOS_DEPLOYMENT_TARGET = 14.3;
				MTL_ENABLE_DEBUG_INFO = NO;
				MTL_FAST_MATH = YES;
				SDKROOT = iphoneos;
				SWIFT_COMPILATION_MODE = wholemodule;
				SWIFT_OPTIMIZATION_LEVEL = "-O";
				VALIDATE_PRODUCT = YES;
			};
			name = Release;
		};
		F99A3D2C25C5C7B9008F0C75 /* Debug */ = {
			isa = XCBuildConfiguration;
			baseConfigurationReference = 73DF577CD36EE475F233AD80 /* Pods-CloneDataFriends.debug.xcconfig */;
			buildSettings = {
				ASSETCATALOG_COMPILER_APPICON_NAME = AppIcon;
				ASSETCATALOG_COMPILER_GLOBAL_ACCENT_COLOR_NAME = AccentColor;
				CODE_SIGN_STYLE = Automatic;
				DEVELOPMENT_TEAM = QFBB64MH66;
				INFOPLIST_FILE = CloneDataFriends/Info.plist;
				LD_RUNPATH_SEARCH_PATHS = (
					"$(inherited)",
					"@executable_path/Frameworks",
				);
				PRODUCT_BUNDLE_IDENTIFIER = com.gitaeklee.CloneDataFriends;
				PRODUCT_NAME = "$(TARGET_NAME)";
				SWIFT_VERSION = 5.0;
				TARGETED_DEVICE_FAMILY = "1,2";
			};
			name = Debug;
		};
		F99A3D2D25C5C7B9008F0C75 /* Release */ = {
			isa = XCBuildConfiguration;
			baseConfigurationReference = 16926D9908301914FFF32C10 /* Pods-CloneDataFriends.release.xcconfig */;
			buildSettings = {
				ASSETCATALOG_COMPILER_APPICON_NAME = AppIcon;
				ASSETCATALOG_COMPILER_GLOBAL_ACCENT_COLOR_NAME = AccentColor;
				CODE_SIGN_STYLE = Automatic;
				DEVELOPMENT_TEAM = QFBB64MH66;
				INFOPLIST_FILE = CloneDataFriends/Info.plist;
				LD_RUNPATH_SEARCH_PATHS = (
					"$(inherited)",
					"@executable_path/Frameworks",
				);
				PRODUCT_BUNDLE_IDENTIFIER = com.gitaeklee.CloneDataFriends;
				PRODUCT_NAME = "$(TARGET_NAME)";
				SWIFT_VERSION = 5.0;
				TARGETED_DEVICE_FAMILY = "1,2";
			};
			name = Release;
		};
		F99A3D2F25C5C7B9008F0C75 /* Debug */ = {
			isa = XCBuildConfiguration;
			baseConfigurationReference = 882DE361D415D7C40D487423 /* Pods-CloneDataFriendsTests.debug.xcconfig */;
			buildSettings = {
				ALWAYS_EMBED_SWIFT_STANDARD_LIBRARIES = YES;
				BUNDLE_LOADER = "$(TEST_HOST)";
				CODE_SIGN_STYLE = Automatic;
				DEVELOPMENT_TEAM = QFBB64MH66;
				INFOPLIST_FILE = CloneDataFriendsTests/Info.plist;
				IPHONEOS_DEPLOYMENT_TARGET = 14.3;
				LD_RUNPATH_SEARCH_PATHS = (
					"$(inherited)",
					"@executable_path/Frameworks",
					"@loader_path/Frameworks",
				);
				PRODUCT_BUNDLE_IDENTIFIER = com.gitaeklee.CloneDataFriendsTests;
				PRODUCT_NAME = "$(TARGET_NAME)";
				SWIFT_VERSION = 5.0;
				TARGETED_DEVICE_FAMILY = "1,2";
				TEST_HOST = "$(BUILT_PRODUCTS_DIR)/CloneDataFriends.app/CloneDataFriends";
			};
			name = Debug;
		};
		F99A3D3025C5C7B9008F0C75 /* Release */ = {
			isa = XCBuildConfiguration;
			baseConfigurationReference = 01266F180D0606EBCBA44C53 /* Pods-CloneDataFriendsTests.release.xcconfig */;
			buildSettings = {
				ALWAYS_EMBED_SWIFT_STANDARD_LIBRARIES = YES;
				BUNDLE_LOADER = "$(TEST_HOST)";
				CODE_SIGN_STYLE = Automatic;
				DEVELOPMENT_TEAM = QFBB64MH66;
				INFOPLIST_FILE = CloneDataFriendsTests/Info.plist;
				IPHONEOS_DEPLOYMENT_TARGET = 14.3;
				LD_RUNPATH_SEARCH_PATHS = (
					"$(inherited)",
					"@executable_path/Frameworks",
					"@loader_path/Frameworks",
				);
				PRODUCT_BUNDLE_IDENTIFIER = com.gitaeklee.CloneDataFriendsTests;
				PRODUCT_NAME = "$(TARGET_NAME)";
				SWIFT_VERSION = 5.0;
				TARGETED_DEVICE_FAMILY = "1,2";
				TEST_HOST = "$(BUILT_PRODUCTS_DIR)/CloneDataFriends.app/CloneDataFriends";
			};
			name = Release;
		};
		F99A3D3225C5C7B9008F0C75 /* Debug */ = {
			isa = XCBuildConfiguration;
			baseConfigurationReference = F392DB9D239DBDA19974506F /* Pods-CloneDataFriends-CloneDataFriendsUITests.debug.xcconfig */;
			buildSettings = {
				ALWAYS_EMBED_SWIFT_STANDARD_LIBRARIES = YES;
				CODE_SIGN_STYLE = Automatic;
				DEVELOPMENT_TEAM = QFBB64MH66;
				INFOPLIST_FILE = CloneDataFriendsUITests/Info.plist;
				LD_RUNPATH_SEARCH_PATHS = (
					"$(inherited)",
					"@executable_path/Frameworks",
					"@loader_path/Frameworks",
				);
				PRODUCT_BUNDLE_IDENTIFIER = com.gitaeklee.CloneDataFriendsUITests;
				PRODUCT_NAME = "$(TARGET_NAME)";
				SWIFT_VERSION = 5.0;
				TARGETED_DEVICE_FAMILY = "1,2";
				TEST_TARGET_NAME = CloneDataFriends;
			};
			name = Debug;
		};
		F99A3D3325C5C7B9008F0C75 /* Release */ = {
			isa = XCBuildConfiguration;
			baseConfigurationReference = 12597DCD5A98C4DAD4044F17 /* Pods-CloneDataFriends-CloneDataFriendsUITests.release.xcconfig */;
			buildSettings = {
				ALWAYS_EMBED_SWIFT_STANDARD_LIBRARIES = YES;
				CODE_SIGN_STYLE = Automatic;
				DEVELOPMENT_TEAM = QFBB64MH66;
				INFOPLIST_FILE = CloneDataFriendsUITests/Info.plist;
				LD_RUNPATH_SEARCH_PATHS = (
					"$(inherited)",
					"@executable_path/Frameworks",
					"@loader_path/Frameworks",
				);
				PRODUCT_BUNDLE_IDENTIFIER = com.gitaeklee.CloneDataFriendsUITests;
				PRODUCT_NAME = "$(TARGET_NAME)";
				SWIFT_VERSION = 5.0;
				TARGETED_DEVICE_FAMILY = "1,2";
				TEST_TARGET_NAME = CloneDataFriends;
			};
			name = Release;
		};
/* End XCBuildConfiguration section */

/* Begin XCConfigurationList section */
		F99A3CF925C5C7B7008F0C75 /* Build configuration list for PBXProject "CloneDataFriends" */ = {
			isa = XCConfigurationList;
			buildConfigurations = (
				F99A3D2925C5C7B9008F0C75 /* Debug */,
				F99A3D2A25C5C7B9008F0C75 /* Release */,
			);
			defaultConfigurationIsVisible = 0;
			defaultConfigurationName = Release;
		};
		F99A3D2B25C5C7B9008F0C75 /* Build configuration list for PBXNativeTarget "CloneDataFriends" */ = {
			isa = XCConfigurationList;
			buildConfigurations = (
				F99A3D2C25C5C7B9008F0C75 /* Debug */,
				F99A3D2D25C5C7B9008F0C75 /* Release */,
			);
			defaultConfigurationIsVisible = 0;
			defaultConfigurationName = Release;
		};
		F99A3D2E25C5C7B9008F0C75 /* Build configuration list for PBXNativeTarget "CloneDataFriendsTests" */ = {
			isa = XCConfigurationList;
			buildConfigurations = (
				F99A3D2F25C5C7B9008F0C75 /* Debug */,
				F99A3D3025C5C7B9008F0C75 /* Release */,
			);
			defaultConfigurationIsVisible = 0;
			defaultConfigurationName = Release;
		};
		F99A3D3125C5C7B9008F0C75 /* Build configuration list for PBXNativeTarget "CloneDataFriendsUITests" */ = {
			isa = XCConfigurationList;
			buildConfigurations = (
				F99A3D3225C5C7B9008F0C75 /* Debug */,
				F99A3D3325C5C7B9008F0C75 /* Release */,
			);
			defaultConfigurationIsVisible = 0;
			defaultConfigurationName = Release;
		};
/* End XCConfigurationList section */

/* Begin XCVersionGroup section */
		F99A3D0A25C5C7B7008F0C75 /* CloneDataFriends.xcdatamodeld */ = {
			isa = XCVersionGroup;
			children = (
				F99A3D0B25C5C7B7008F0C75 /* CloneDataFriends.xcdatamodel */,
			);
			currentVersion = F99A3D0B25C5C7B7008F0C75 /* CloneDataFriends.xcdatamodel */;
			path = CloneDataFriends.xcdatamodeld;
			sourceTree = "<group>";
			versionGroupType = wrapper.xcdatamodel;
		};
/* End XCVersionGroup section */
	};
	rootObject = F99A3CF625C5C7B7008F0C75 /* Project object */;
}
